
Microsoft Visual Studio Solution File, Format Version 12.00
# Visual Studio Version 17
VisualStudioVersion = 17.0.31903.59
MinimumVisualStudioVersion = 10.0.40219.1
Project("{FAE04EC0-301F-11D3-BF4B-00C04F79EFBC}") = "VibeCode.Desktop", "VibeCode.Desktop\VibeCode.Desktop.csproj", "{88E18DF6-7F95-47E9-9283-CD08FAFCB7E1}"
EndProject
Project("{FAE04EC0-301F-11D3-BF4B-00C04F79EFBC}") = "VibeCode.AgentStatus.Mcp", "VibeCode.AgentStatus.Mcp\VibeCode.AgentStatus.Mcp.csproj", "{05B1AF8B-6D41-4CEA-9543-76B7725ABA02}"
EndProject
Project("{2150E333-8FDC-42A3-9474-1A3956D46DE8}") = "tests", "tests", "{0AB3BF05-4346-4AA6-1389-037BE0695223}"
EndProject
Project("{FAE04EC0-301F-11D3-BF4B-00C04F79EFBC}") = "VibeCode.ArtifactTests", "tests\VibeCode.ArtifactTests\VibeCode.ArtifactTests.csproj", "{7796FD2D-C02B-43F3-AC4B-71EC0B036C0A}"
EndProject
Project("{FAE04EC0-301F-11D3-BF4B-00C04F79EFBC}") = "VibeCode.AutoScrollTests", "tests\VibeCode.AutoScrollTests\VibeCode.AutoScrollTests.csproj", "{40FA7CAD-F2DE-4E02-8E83-A4B3C2AE72EE}"
EndProject
Project("{FAE04EC0-301F-11D3-BF4B-00C04F79EFBC}") = "VibeCode.BridgeTerminalTests", "tests\VibeCode.BridgeTerminalTests\VibeCode.BridgeTerminalTests.csproj", "{569D4536-D9D4-4553-B8FD-8D846DF1DA9D}"
EndProject
Project("{FAE04EC0-301F-11D3-BF4B-00C04F79EFBC}") = "VibeCode.ChatModelPickerTests", "tests\VibeCode.ChatModelPickerTests\VibeCode.ChatModelPickerTests.csproj", "{29B45285-C988-40C6-B48B-64519584604A}"
EndProject
Project("{FAE04EC0-301F-11D3-BF4B-00C04F79EFBC}") = "VibeCode.ClaudeModelTests", "tests\VibeCode.ClaudeModelTests\VibeCode.ClaudeModelTests.csproj", "{AD1AD173-9854-4750-8B1F-9FAC776F4704}"
EndProject
Project("{FAE04EC0-301F-11D3-BF4B-00C04F79EFBC}") = "VibeCode.CloseChatTests", "tests\VibeCode.CloseChatTests\VibeCode.CloseChatTests.csproj", "{3DDAFED6-0BD4-4A0E-95A6-2AE57AD6090A}"
EndProject
Project("{FAE04EC0-301F-11D3-BF4B-00C04F79EFBC}") = "VibeCode.GoalTests", "tests\VibeCode.GoalTests\VibeCode.GoalTests.csproj", "{87EC0EDC-D103-406C-B0D1-13280895E9D6}"
EndProject
Project("{FAE04EC0-301F-11D3-BF4B-00C04F79EFBC}") = "VibeCode.OrchestratorGroupTests", "tests\VibeCode.OrchestratorGroupTests\VibeCode.OrchestratorGroupTests.csproj", "{04DFCA6C-91E8-40DC-8733-35FCC7FA829C}"
EndProject
Project("{FAE04EC0-301F-11D3-BF4B-00C04F79EFBC}") = "VibeCode.PhoneAndroidFixture", "tests\VibeCode.PhoneAndroidFixture\VibeCode.PhoneAndroidFixture.csproj", "{BC78A1C0-CA7C-4830-BAA0-D6BA9FFDBF28}"
EndProject
Project("{FAE04EC0-301F-11D3-BF4B-00C04F79EFBC}") = "VibeCode.PhoneConnectivityTests", "tests\VibeCode.PhoneConnectivityTests\VibeCode.PhoneConnectivityTests.csproj", "{74649754-6229-4731-8757-CFB7A00FC21F}"
EndProject
Project("{FAE04EC0-301F-11D3-BF4B-00C04F79EFBC}") = "VibeCode.PhoneMirrorTests", "tests\VibeCode.PhoneMirrorTests\VibeCode.PhoneMirrorTests.csproj", "{4BBAF11B-27C8-46A4-B2F5-C7479FBB6060}"
EndProject
Project("{FAE04EC0-301F-11D3-BF4B-00C04F79EFBC}") = "VibeCode.PhoneSecurityTests", "tests\VibeCode.PhoneSecurityTests\VibeCode.PhoneSecurityTests.csproj", "{60A1070F-3442-4FB9-892C-D1DAAE2C1F61}"
EndProject
Project("{FAE04EC0-301F-11D3-BF4B-00C04F79EFBC}") = "VibeCode.PublicTests", "tests\VibeCode.PublicTests\VibeCode.PublicTests.csproj", "{E997BB1C-2AF2-4022-BA33-D9577CDA6F8C}"
EndProject
Project("{FAE04EC0-301F-11D3-BF4B-00C04F79EFBC}") = "VibeCode.RecoveryTests", "tests\VibeCode.RecoveryTests\VibeCode.RecoveryTests.csproj", "{235CCD0D-0ED5-4CFB-9AB7-644F76322E94}"
EndProject
Project("{FAE04EC0-301F-11D3-BF4B-00C04F79EFBC}") = "VibeCode.RewindTests", "tests\VibeCode.RewindTests\VibeCode.RewindTests.csproj", "{8E729AFB-2B5A-44B2-8C6F-222CF501AB15}"
EndProject
Project("{FAE04EC0-301F-11D3-BF4B-00C04F79EFBC}") = "VibeCode.SteerTests", "tests\VibeCode.SteerTests\VibeCode.SteerTests.csproj", "{40F86A6E-264A-4CF8-BC8C-3E4B695D6BEF}"
EndProject
Project("{FAE04EC0-301F-11D3-BF4B-00C04F79EFBC}") = "VibeCode.ThinkingOrbTests", "tests\VibeCode.ThinkingOrbTests\VibeCode.ThinkingOrbTests.csproj", "{66A0D90F-8FC0-4A5B-A745-44E5DB4714D5}"
EndProject
Project("{FAE04EC0-301F-11D3-BF4B-00C04F79EFBC}") = "VibeCode.ThinkingRowTests", "tests\VibeCode.ThinkingRowTests\VibeCode.ThinkingRowTests.csproj", "{C65229C2-B1DF-4F7C-9CA4-6F2522E625DC}"
EndProject
Project("{FAE04EC0-301F-11D3-BF4B-00C04F79EFBC}") = "VibeCode.UsageAccountingTests", "tests\VibeCode.UsageAccountingTests\VibeCode.UsageAccountingTests.csproj", "{3E4DBCC7-CDB5-44FB-94EA-92524CC60999}"
EndProject
Global
	GlobalSection(SolutionConfigurationPlatforms) = preSolution
		Debug|Any CPU = Debug|Any CPU
		Debug|x64 = Debug|x64
		Debug|x86 = Debug|x86
		Release|Any CPU = Release|Any CPU
		Release|x64 = Release|x64
		Release|x86 = Release|x86
	EndGlobalSection
	GlobalSection(ProjectConfigurationPlatforms) = postSolution
		{88E18DF6-7F95-47E9-9283-CD08FAFCB7E1}.Debug|Any CPU.ActiveCfg = Debug|Any CPU
		{88E18DF6-7F95-47E9-9283-CD08FAFCB7E1}.Debug|Any CPU.Build.0 = Debug|Any CPU
		{88E18DF6-7F95-47E9-9283-CD08FAFCB7E1}.Debug|x64.ActiveCfg = Debug|Any CPU
		{88E18DF6-7F95-47E9-9283-CD08FAFCB7E1}.Debug|x64.Build.0 = Debug|Any CPU
		{88E18DF6-7F95-47E9-9283-CD08FAFCB7E1}.Debug|x86.ActiveCfg = Debug|Any CPU
		{88E18DF6-7F95-47E9-9283-CD08FAFCB7E1}.Debug|x86.Build.0 = Debug|Any CPU
		{88E18DF6-7F95-47E9-9283-CD08FAFCB7E1}.Release|Any CPU.ActiveCfg = Release|Any CPU
		{88E18DF6-7F95-47E9-9283-CD08FAFCB7E1}.Release|Any CPU.Build.0 = Release|Any CPU
		{88E18DF6-7F95-47E9-9283-CD08FAFCB7E1}.Release|x64.ActiveCfg = Release|Any CPU
		{88E18DF6-7F95-47E9-9283-CD08FAFCB7E1}.Release|x64.Build.0 = Release|Any CPU
		{88E18DF6-7F95-47E9-9283-CD08FAFCB7E1}.Release|x86.ActiveCfg = Release|Any CPU
		{88E18DF6-7F95-47E9-9283-CD08FAFCB7E1}.Release|x86.Build.0 = Release|Any CPU
		{05B1AF8B-6D41-4CEA-9543-76B7725ABA02}.Debug|Any CPU.ActiveCfg = Debug|Any CPU
		{05B1AF8B-6D41-4CEA-9543-76B7725ABA02}.Debug|Any CPU.Build.0 = Debug|Any CPU
		{05B1AF8B-6D41-4CEA-9543-76B7725ABA02}.Debug|x64.ActiveCfg = Debug|Any CPU
		{05B1AF8B-6D41-4CEA-9543-76B7725ABA02}.Debug|x64.Build.0 = Debug|Any CPU
		{05B1AF8B-6D41-4CEA-9543-76B7725ABA02}.Debug|x86.ActiveCfg = Debug|Any CPU
		{05B1AF8B-6D41-4CEA-9543-76B7725ABA02}.Debug|x86.Build.0 = Debug|Any CPU
		{05B1AF8B-6D41-4CEA-9543-76B7725ABA02}.Release|Any CPU.ActiveCfg = Release|Any CPU
		{05B1AF8B-6D41-4CEA-9543-76B7725ABA02}.Release|Any CPU.Build.0 = Release|Any CPU
		{05B1AF8B-6D41-4CEA-9543-76B7725ABA02}.Release|x64.ActiveCfg = Release|Any CPU
		{05B1AF8B-6D41-4CEA-9543-76B7725ABA02}.Release|x64.Build.0 = Release|Any CPU
		{05B1AF8B-6D41-4CEA-9543-76B7725ABA02}.Release|x86.ActiveCfg = Release|Any CPU
		{05B1AF8B-6D41-4CEA-9543-76B7725ABA02}.Release|x86.Build.0 = Release|Any CPU
		{7796FD2D-C02B-43F3-AC4B-71EC0B036C0A}.Debug|Any CPU.ActiveCfg = Debug|Any CPU
		{7796FD2D-C02B-43F3-AC4B-71EC0B036C0A}.Debug|Any CPU.Build.0 = Debug|Any CPU
		{7796FD2D-C02B-43F3-AC4B-71EC0B036C0A}.Debug|x64.ActiveCfg = Debug|Any CPU
		{7796FD2D-C02B-43F3-AC4B-71EC0B036C0A}.Debug|x64.Build.0 = Debug|Any CPU
		{7796FD2D-C02B-43F3-AC4B-71EC0B036C0A}.Debug|x86.ActiveCfg = Debug|Any CPU
		{7796FD2D-C02B-43F3-AC4B-71EC0B036C0A}.Debug|x86.Build.0 = Debug|Any CPU
		{7796FD2D-C02B-43F3-AC4B-71EC0B036C0A}.Release|Any CPU.ActiveCfg = Release|Any CPU
		{7796FD2D-C02B-43F3-AC4B-71EC0B036C0A}.Release|Any CPU.Build.0 = Release|Any CPU
		{7796FD2D-C02B-43F3-AC4B-71EC0B036C0A}.Release|x64.ActiveCfg = Release|Any CPU
		{7796FD2D-C02B-43F3-AC4B-71EC0B036C0A}.Release|x64.Build.0 = Release|Any CPU
		{7796FD2D-C02B-43F3-AC4B-71EC0B036C0A}.Release|x86.ActiveCfg = Release|Any CPU
		{7796FD2D-C02B-43F3-AC4B-71EC0B036C0A}.Release|x86.Build.0 = Release|Any CPU
		{40FA7CAD-F2DE-4E02-8E83-A4B3C2AE72EE}.Debug|Any CPU.ActiveCfg = Debug|Any CPU
		{40FA7CAD-F2DE-4E02-8E83-A4B3C2AE72EE}.Debug|Any CPU.Build.0 = Debug|Any CPU
		{40FA7CAD-F2DE-4E02-8E83-A4B3C2AE72EE}.Debug|x64.ActiveCfg = Debug|Any CPU
		{40FA7CAD-F2DE-4E02-8E83-A4B3C2AE72EE}.Debug|x64.Build.0 = Debug|Any CPU
		{40FA7CAD-F2DE-4E02-8E83-A4B3C2AE72EE}.Debug|x86.ActiveCfg = Debug|Any CPU
		{40FA7CAD-F2DE-4E02-8E83-A4B3C2AE72EE}.Debug|x86.Build.0 = Debug|Any CPU
		{40FA7CAD-F2DE-4E02-8E83-A4B3C2AE72EE}.Release|Any CPU.ActiveCfg = Release|Any CPU
		{40FA7CAD-F2DE-4E02-8E83-A4B3C2AE72EE}.Release|Any CPU.Build.0 = Release|Any CPU
		{40FA7CAD-F2DE-4E02-8E83-A4B3C2AE72EE}.Release|x64.ActiveCfg = Release|Any CPU
		{40FA7CAD-F2DE-4E02-8E83-A4B3C2AE72EE}.Release|x64.Build.0 = Release|Any CPU
		{40FA7CAD-F2DE-4E02-8E83-A4B3C2AE72EE}.Release|x86.ActiveCfg = Release|Any CPU
		{40FA7CAD-F2DE-4E02-8E83-A4B3C2AE72EE}.Release|x86.Build.0 = Release|Any CPU
		{569D4536-D9D4-4553-B8FD-8D846DF1DA9D}.Debug|Any CPU.ActiveCfg = Debug|Any CPU
		{569D4536-D9D4-4553-B8FD-8D846DF1DA9D}.Debug|Any CPU.Build.0 = Debug|Any CPU
		{569D4536-D9D4-4553-B8FD-8D846DF1DA9D}.Debug|x64.ActiveCfg = Debug|Any CPU
		{569D4536-D9D4-4553-B8FD-8D846DF1DA9D}.Debug|x64.Build.0 = Debug|Any CPU
		{569D4536-D9D4-4553-B8FD-8D846DF1DA9D}.Debug|x86.ActiveCfg = Debug|Any CPU
		{569D4536-D9D4-4553-B8FD-8D846DF1DA9D}.Debug|x86.Build.0 = Debug|Any CPU
		{569D4536-D9D4-4553-B8FD-8D846DF1DA9D}.Release|Any CPU.ActiveCfg = Release|Any CPU
		{569D4536-D9D4-4553-B8FD-8D846DF1DA9D}.Release|Any CPU.Build.0 = Release|Any CPU
		{569D4536-D9D4-4553-B8FD-8D846DF1DA9D}.Release|x64.ActiveCfg = Release|Any CPU
		{569D4536-D9D4-4553-B8FD-8D846DF1DA9D}.Release|x64.Build.0 = Release|Any CPU
		{569D4536-D9D4-4553-B8FD-8D846DF1DA9D}.Release|x86.ActiveCfg = Release|Any CPU
		{569D4536-D9D4-4553-B8FD-8D846DF1DA9D}.Release|x86.Build.0 = Release|Any CPU
		{29B45285-C988-40C6-B48B-64519584604A}.Debug|Any CPU.ActiveCfg = Debug|Any CPU
		{29B45285-C988-40C6-B48B-64519584604A}.Debug|Any CPU.Build.0 = Debug|Any CPU
		{29B45285-C988-40C6-B48B-64519584604A}.Debug|x64.ActiveCfg = Debug|Any CPU
		{29B45285-C988-40C6-B48B-64519584604A}.Debug|x64.Build.0 = Debug|Any CPU
		{29B45285-C988-40C6-B48B-64519584604A}.Debug|x86.ActiveCfg = Debug|Any CPU
		{29B45285-C988-40C6-B48B-64519584604A}.Debug|x86.Build.0 = Debug|Any CPU
		{29B45285-C988-40C6-B48B-64519584604A}.Release|Any CPU.ActiveCfg = Release|Any CPU
		{29B45285-C988-40C6-B48B-64519584604A}.Release|Any CPU.Build.0 = Release|Any CPU
		{29B45285-C988-40C6-B48B-64519584604A}.Release|x64.ActiveCfg = Release|Any CPU
		{29B45285-C988-40C6-B48B-64519584604A}.Release|x64.Build.0 = Release|Any CPU
		{29B45285-C988-40C6-B48B-64519584604A}.Release|x86.ActiveCfg = Release|Any CPU
		{29B45285-C988-40C6-B48B-64519584604A}.Release|x86.Build.0 = Release|Any CPU
		{AD1AD173-9854-4750-8B1F-9FAC776F4704}.Debug|Any CPU.ActiveCfg = Debug|Any CPU
		{AD1AD173-9854-4750-8B1F-9FAC776F4704}.Debug|Any CPU.Build.0 = Debug|Any CPU
		{AD1AD173-9854-4750-8B1F-9FAC776F4704}.Debug|x64.ActiveCfg = Debug|Any CPU
		{AD1AD173-9854-4750-8B1F-9FAC776F4704}.Debug|x64.Build.0 = Debug|Any CPU
		{AD1AD173-9854-4750-8B1F-9FAC776F4704}.Debug|x86.ActiveCfg = Debug|Any CPU
		{AD1AD173-9854-4750-8B1F-9FAC776F4704}.Debug|x86.Build.0 = Debug|Any CPU
		{AD1AD173-9854-4750-8B1F-9FAC776F4704}.Release|Any CPU.ActiveCfg = Release|Any CPU
		{AD1AD173-9854-4750-8B1F-9FAC776F4704}.Release|Any CPU.Build.0 = Release|Any CPU
		{AD1AD173-9854-4750-8B1F-9FAC776F4704}.Release|x64.ActiveCfg = Release|Any CPU
		{AD1AD173-9854-4750-8B1F-9FAC776F4704}.Release|x64.Build.0 = Release|Any CPU
		{AD1AD173-9854-4750-8B1F-9FAC776F4704}.Release|x86.ActiveCfg = Release|Any CPU
		{AD1AD173-9854-4750-8B1F-9FAC776F4704}.Release|x86.Build.0 = Release|Any CPU
		{3DDAFED6-0BD4-4A0E-95A6-2AE57AD6090A}.Debug|Any CPU.ActiveCfg = Debug|Any CPU
		{3DDAFED6-0BD4-4A0E-95A6-2AE57AD6090A}.Debug|Any CPU.Build.0 = Debug|Any CPU
		{3DDAFED6-0BD4-4A0E-95A6-2AE57AD6090A}.Debug|x64.ActiveCfg = Debug|Any CPU
		{3DDAFED6-0BD4-4A0E-95A6-2AE57AD6090A}.Debug|x64.Build.0 = Debug|Any CPU
		{3DDAFED6-0BD4-4A0E-95A6-2AE57AD6090A}.Debug|x86.ActiveCfg = Debug|Any CPU
		{3DDAFED6-0BD4-4A0E-95A6-2AE57AD6090A}.Debug|x86.Build.0 = Debug|Any CPU
		{3DDAFED6-0BD4-4A0E-95A6-2AE57AD6090A}.Release|Any CPU.ActiveCfg = Release|Any CPU
		{3DDAFED6-0BD4-4A0E-95A6-2AE57AD6090A}.Release|Any CPU.Build.0 = Release|Any CPU
		{3DDAFED6-0BD4-4A0E-95A6-2AE57AD6090A}.Release|x64.ActiveCfg = Release|Any CPU
		{3DDAFED6-0BD4-4A0E-95A6-2AE57AD6090A}.Release|x64.Build.0 = Release|Any CPU
		{3DDAFED6-0BD4-4A0E-95A6-2AE57AD6090A}.Release|x86.ActiveCfg = Release|Any CPU
		{3DDAFED6-0BD4-4A0E-95A6-2AE57AD6090A}.Release|x86.Build.0 = Release|Any CPU
		{87EC0EDC-D103-406C-B0D1-13280895E9D6}.Debug|Any CPU.ActiveCfg = Debug|Any CPU
		{87EC0EDC-D103-406C-B0D1-13280895E9D6}.Debug|Any CPU.Build.0 = Debug|Any CPU
		{87EC0EDC-D103-406C-B0D1-13280895E9D6}.Debug|x64.ActiveCfg = Debug|Any CPU
		{87EC0EDC-D103-406C-B0D1-13280895E9D6}.Debug|x64.Build.0 = Debug|Any CPU
		{87EC0EDC-D103-406C-B0D1-13280895E9D6}.Debug|x86.ActiveCfg = Debug|Any CPU
		{87EC0EDC-D103-406C-B0D1-13280895E9D6}.Debug|x86.Build.0 = Debug|Any CPU
		{87EC0EDC-D103-406C-B0D1-13280895E9D6}.Release|Any CPU.ActiveCfg = Release|Any CPU
		{87EC0EDC-D103-406C-B0D1-13280895E9D6}.Release|Any CPU.Build.0 = Release|Any CPU
		{87EC0EDC-D103-406C-B0D1-13280895E9D6}.Release|x64.ActiveCfg = Release|Any CPU
		{87EC0EDC-D103-406C-B0D1-13280895E9D6}.Release|x64.Build.0 = Release|Any CPU
		{87EC0EDC-D103-406C-B0D1-13280895E9D6}.Release|x86.ActiveCfg = Release|Any CPU
		{87EC0EDC-D103-406C-B0D1-13280895E9D6}.Release|x86.Build.0 = Release|Any CPU
		{04DFCA6C-91E8-40DC-8733-35FCC7FA829C}.Debug|Any CPU.ActiveCfg = Debug|Any CPU
		{04DFCA6C-91E8-40DC-8733-35FCC7FA829C}.Debug|Any CPU.Build.0 = Debug|Any CPU
		{04DFCA6C-91E8-40DC-8733-35FCC7FA829C}.Debug|x64.ActiveCfg = Debug|Any CPU
		{04DFCA6C-91E8-40DC-8733-35FCC7FA829C}.Debug|x64.Build.0 = Debug|Any CPU
		{04DFCA6C-91E8-40DC-8733-35FCC7FA829C}.Debug|x86.ActiveCfg = Debug|Any CPU
		{04DFCA6C-91E8-40DC-8733-35FCC7FA829C}.Debug|x86.Build.0 = Debug|Any CPU
		{04DFCA6C-91E8-40DC-8733-35FCC7FA829C}.Release|Any CPU.ActiveCfg = Release|Any CPU
		{04DFCA6C-91E8-40DC-8733-35FCC7FA829C}.Release|Any CPU.Build.0 = Release|Any CPU
		{04DFCA6C-91E8-40DC-8733-35FCC7FA829C}.Release|x64.ActiveCfg = Release|Any CPU
		{04DFCA6C-91E8-40DC-8733-35FCC7FA829C}.Release|x64.Build.0 = Release|Any CPU
		{04DFCA6C-91E8-40DC-8733-35FCC7FA829C}.Release|x86.ActiveCfg = Release|Any CPU
		{04DFCA6C-91E8-40DC-8733-35FCC7FA829C}.Release|x86.Build.0 = Release|Any CPU
		{BC78A1C0-CA7C-4830-BAA0-D6BA9FFDBF28}.Debug|Any CPU.ActiveCfg = Debug|Any CPU
		{BC78A1C0-CA7C-4830-BAA0-D6BA9FFDBF28}.Debug|Any CPU.Build.0 = Debug|Any CPU
		{BC78A1C0-CA7C-4830-BAA0-D6BA9FFDBF28}.Debug|x64.ActiveCfg = Debug|Any CPU
		{BC78A1C0-CA7C-4830-BAA0-D6BA9FFDBF28}.Debug|x64.Build.0 = Debug|Any CPU
		{BC78A1C0-CA7C-4830-BAA0-D6BA9FFDBF28}.Debug|x86.ActiveCfg = Debug|Any CPU
		{BC78A1C0-CA7C-4830-BAA0-D6BA9FFDBF28}.Debug|x86.Build.0 = Debug|Any CPU
		{BC78A1C0-CA7C-4830-BAA0-D6BA9FFDBF28}.Release|Any CPU.ActiveCfg = Release|Any CPU
		{BC78A1C0-CA7C-4830-BAA0-D6BA9FFDBF28}.Release|Any CPU.Build.0 = Release|Any CPU
		{BC78A1C0-CA7C-4830-BAA0-D6BA9FFDBF28}.Release|x64.ActiveCfg = Release|Any CPU
		{BC78A1C0-CA7C-4830-BAA0-D6BA9FFDBF28}.Release|x64.Build.0 = Release|Any CPU
		{BC78A1C0-CA7C-4830-BAA0-D6BA9FFDBF28}.Release|x86.ActiveCfg = Release|Any CPU
		{BC78A1C0-CA7C-4830-BAA0-D6BA9FFDBF28}.Release|x86.Build.0 = Release|Any CPU
		{74649754-6229-4731-8757-CFB7A00FC21F}.Debug|Any CPU.ActiveCfg = Debug|Any CPU
		{74649754-6229-4731-8757-CFB7A00FC21F}.Debug|Any CPU.Build.0 = Debug|Any CPU
		{74649754-6229-4731-8757-CFB7A00FC21F}.Debug|x64.ActiveCfg = Debug|Any CPU
		{74649754-6229-4731-8757-CFB7A00FC21F}.Debug|x64.Build.0 = Debug|Any CPU
		{74649754-6229-4731-8757-CFB7A00FC21F}.Debug|x86.ActiveCfg = Debug|Any CPU
		{74649754-6229-4731-8757-CFB7A00FC21F}.Debug|x86.Build.0 = Debug|Any CPU
		{74649754-6229-4731-8757-CFB7A00FC21F}.Release|Any CPU.ActiveCfg = Release|Any CPU
		{74649754-6229-4731-8757-CFB7A00FC21F}.Release|Any CPU.Build.0 = Release|Any CPU
		{74649754-6229-4731-8757-CFB7A00FC21F}.Release|x64.ActiveCfg = Release|Any CPU
		{74649754-6229-4731-8757-CFB7A00FC21F}.Release|x64.Build.0 = Release|Any CPU
		{74649754-6229-4731-8757-CFB7A00FC21F}.Release|x86.ActiveCfg = Release|Any CPU
		{74649754-6229-4731-8757-CFB7A00FC21F}.Release|x86.Build.0 = Release|Any CPU
		{4BBAF11B-27C8-46A4-B2F5-C7479FBB6060}.Debug|Any CPU.ActiveCfg = Debug|Any CPU
		{4BBAF11B-27C8-46A4-B2F5-C7479FBB6060}.Debug|Any CPU.Build.0 = Debug|Any CPU
		{4BBAF11B-27C8-46A4-B2F5-C7479FBB6060}.Debug|x64.ActiveCfg = Debug|Any CPU
		{4BBAF11B-27C8-46A4-B2F5-C7479FBB6060}.Debug|x64.Build.0 = Debug|Any CPU
		{4BBAF11B-27C8-46A4-B2F5-C7479FBB6060}.Debug|x86.ActiveCfg = Debug|Any CPU
		{4BBAF11B-27C8-46A4-B2F5-C7479FBB6060}.Debug|x86.Build.0 = Debug|Any CPU
		{4BBAF11B-27C8-46A4-B2F5-C7479FBB6060}.Release|Any CPU.ActiveCfg = Release|Any CPU
		{4BBAF11B-27C8-46A4-B2F5-C7479FBB6060}.Release|Any CPU.Build.0 = Release|Any CPU
		{4BBAF11B-27C8-46A4-B2F5-C7479FBB6060}.Release|x64.ActiveCfg = Release|Any CPU
		{4BBAF11B-27C8-46A4-B2F5-C7479FBB6060}.Release|x64.Build.0 = Release|Any CPU
		{4BBAF11B-27C8-46A4-B2F5-C7479FBB6060}.Release|x86.ActiveCfg = Release|Any CPU
		{4BBAF11B-27C8-46A4-B2F5-C7479FBB6060}.Release|x86.Build.0 = Release|Any CPU
		{60A1070F-3442-4FB9-892C-D1DAAE2C1F61}.Debug|Any CPU.ActiveCfg = Debug|Any CPU
		{60A1070F-3442-4FB9-892C-D1DAAE2C1F61}.Debug|Any CPU.Build.0 = Debug|Any CPU
		{60A1070F-3442-4FB9-892C-D1DAAE2C1F61}.Debug|x64.ActiveCfg = Debug|Any CPU
		{60A1070F-3442-4FB9-892C-D1DAAE2C1F61}.Debug|x64.Build.0 = Debug|Any CPU
		{60A1070F-3442-4FB9-892C-D1DAAE2C1F61}.Debug|x86.ActiveCfg = Debug|Any CPU
		{60A1070F-3442-4FB9-892C-D1DAAE2C1F61}.Debug|x86.Build.0 = Debug|Any CPU
		{60A1070F-3442-4FB9-892C-D1DAAE2C1F61}.Release|Any CPU.ActiveCfg = Release|Any CPU
		{60A1070F-3442-4FB9-892C-D1DAAE2C1F61}.Release|Any CPU.Build.0 = Release|Any CPU
		{60A1070F-3442-4FB9-892C-D1DAAE2C1F61}.Release|x64.ActiveCfg = Release|Any CPU
		{60A1070F-3442-4FB9-892C-D1DAAE2C1F61}.Release|x64.Build.0 = Release|Any CPU
		{60A1070F-3442-4FB9-892C-D1DAAE2C1F61}.Release|x86.ActiveCfg = Release|Any CPU
		{60A1070F-3442-4FB9-892C-D1DAAE2C1F61}.Release|x86.Build.0 = Release|Any CPU
		{E997BB1C-2AF2-4022-BA33-D9577CDA6F8C}.Debug|Any CPU.ActiveCfg = Debug|Any CPU
		{E997BB1C-2AF2-4022-BA33-D9577CDA6F8C}.Debug|Any CPU.Build.0 = Debug|Any CPU
		{E997BB1C-2AF2-4022-BA33-D9577CDA6F8C}.Debug|x64.ActiveCfg = Debug|Any CPU
		{E997BB1C-2AF2-4022-BA33-D9577CDA6F8C}.Debug|x64.Build.0 = Debug|Any CPU
		{E997BB1C-2AF2-4022-BA33-D9577CDA6F8C}.Debug|x86.ActiveCfg = Debug|Any CPU
		{E997BB1C-2AF2-4022-BA33-D9577CDA6F8C}.Debug|x86.Build.0 = Debug|Any CPU
		{E997BB1C-2AF2-4022-BA33-D9577CDA6F8C}.Release|Any CPU.ActiveCfg = Release|Any CPU
		{E997BB1C-2AF2-4022-BA33-D9577CDA6F8C}.Release|Any CPU.Build.0 = Release|Any CPU
		{E997BB1C-2AF2-4022-BA33-D9577CDA6F8C}.Release|x64.ActiveCfg = Release|Any CPU
		{E997BB1C-2AF2-4022-BA33-D9577CDA6F8C}.Release|x64.Build.0 = Release|Any CPU
		{E997BB1C-2AF2-4022-BA33-D9577CDA6F8C}.Release|x86.ActiveCfg = Release|Any CPU
		{E997BB1C-2AF2-4022-BA33-D9577CDA6F8C}.Release|x86.Build.0 = Release|Any CPU
		{235CCD0D-0ED5-4CFB-9AB7-644F76322E94}.Debug|Any CPU.ActiveCfg = Debug|Any CPU
		{235CCD0D-0ED5-4CFB-9AB7-644F76322E94}.Debug|Any CPU.Build.0 = Debug|Any CPU
		{235CCD0D-0ED5-4CFB-9AB7-644F76322E94}.Debug|x64.ActiveCfg = Debug|Any CPU
		{235CCD0D-0ED5-4CFB-9AB7-644F76322E94}.Debug|x64.Build.0 = Debug|Any CPU
		{235CCD0D-0ED5-4CFB-9AB7-644F76322E94}.Debug|x86.ActiveCfg = Debug|Any CPU
		{235CCD0D-0ED5-4CFB-9AB7-644F76322E94}.Debug|x86.Build.0 = Debug|Any CPU
		{235CCD0D-0ED5-4CFB-9AB7-644F76322E94}.Release|Any CPU.ActiveCfg = Release|Any CPU
		{235CCD0D-0ED5-4CFB-9AB7-644F76322E94}.Release|Any CPU.Build.0 = Release|Any CPU
		{235CCD0D-0ED5-4CFB-9AB7-644F76322E94}.Release|x64.ActiveCfg = Release|Any CPU
		{235CCD0D-0ED5-4CFB-9AB7-644F76322E94}.Release|x64.Build.0 = Release|Any CPU
		{235CCD0D-0ED5-4CFB-9AB7-644F76322E94}.Release|x86.ActiveCfg = Release|Any CPU
		{235CCD0D-0ED5-4CFB-9AB7-644F76322E94}.Release|x86.Build.0 = Release|Any CPU
		{8E729AFB-2B5A-44B2-8C6F-222CF501AB15}.Debug|Any CPU.ActiveCfg = Debug|Any CPU
		{8E729AFB-2B5A-44B2-8C6F-222CF501AB15}.Debug|Any CPU.Build.0 = Debug|Any CPU
		{8E729AFB-2B5A-44B2-8C6F-222CF501AB15}.Debug|x64.ActiveCfg = Debug|Any CPU
		{8E729AFB-2B5A-44B2-8C6F-222CF501AB15}.Debug|x64.Build.0 = Debug|Any CPU
		{8E729AFB-2B5A-44B2-8C6F-222CF501AB15}.Debug|x86.ActiveCfg = Debug|Any CPU
		{8E729AFB-2B5A-44B2-8C6F-222CF501AB15}.Debug|x86.Build.0 = Debug|Any CPU
		{8E729AFB-2B5A-44B2-8C6F-222CF501AB15}.Release|Any CPU.ActiveCfg = Release|Any CPU
		{8E729AFB-2B5A-44B2-8C6F-222CF501AB15}.Release|Any CPU.Build.0 = Release|Any CPU
		{8E729AFB-2B5A-44B2-8C6F-222CF501AB15}.Release|x64.ActiveCfg = Release|Any CPU
		{8E729AFB-2B5A-44B2-8C6F-222CF501AB15}.Release|x64.Build.0 = Release|Any CPU
		{8E729AFB-2B5A-44B2-8C6F-222CF501AB15}.Release|x86.ActiveCfg = Release|Any CPU
		{8E729AFB-2B5A-44B2-8C6F-222CF501AB15}.Release|x86.Build.0 = Release|Any CPU
		{40F86A6E-264A-4CF8-BC8C-3E4B695D6BEF}.Debug|Any CPU.ActiveCfg = Debug|Any CPU
		{40F86A6E-264A-4CF8-BC8C-3E4B695D6BEF}.Debug|Any CPU.Build.0 = Debug|Any CPU
		{40F86A6E-264A-4CF8-BC8C-3E4B695D6BEF}.Debug|x64.ActiveCfg = Debug|Any CPU
		{40F86A6E-264A-4CF8-BC8C-3E4B695D6BEF}.Debug|x64.Build.0 = Debug|Any CPU
		{40F86A6E-264A-4CF8-BC8C-3E4B695D6BEF}.Debug|x86.ActiveCfg = Debug|Any CPU
		{40F86A6E-264A-4CF8-BC8C-3E4B695D6BEF}.Debug|x86.Build.0 = Debug|Any CPU
		{40F86A6E-264A-4CF8-BC8C-3E4B695D6BEF}.Release|Any CPU.ActiveCfg = Release|Any CPU
		{40F86A6E-264A-4CF8-BC8C-3E4B695D6BEF}.Release|Any CPU.Build.0 = Release|Any CPU
		{40F86A6E-264A-4CF8-BC8C-3E4B695D6BEF}.Release|x64.ActiveCfg = Release|Any CPU
		{40F86A6E-264A-4CF8-BC8C-3E4B695D6BEF}.Release|x64.Build.0 = Release|Any CPU
		{40F86A6E-264A-4CF8-BC8C-3E4B695D6BEF}.Release|x86.ActiveCfg = Release|Any CPU
		{40F86A6E-264A-4CF8-BC8C-3E4B695D6BEF}.Release|x86.Build.0 = Release|Any CPU
		{66A0D90F-8FC0-4A5B-A745-44E5DB4714D5}.Debug|Any CPU.ActiveCfg = Debug|Any CPU
		{66A0D90F-8FC0-4A5B-A745-44E5DB4714D5}.Debug|Any CPU.Build.0 = Debug|Any CPU
		{66A0D90F-8FC0-4A5B-A745-44E5DB4714D5}.Debug|x64.ActiveCfg = Debug|Any CPU
		{66A0D90F-8FC0-4A5B-A745-44E5DB4714D5}.Debug|x64.Build.0 = Debug|Any CPU
		{66A0D90F-8FC0-4A5B-A745-44E5DB4714D5}.Debug|x86.ActiveCfg = Debug|Any CPU
		{66A0D90F-8FC0-4A5B-A745-44E5DB4714D5}.Debug|x86.Build.0 = Debug|Any CPU
		{66A0D90F-8FC0-4A5B-A745-44E5DB4714D5}.Release|Any CPU.ActiveCfg = Release|Any CPU
		{66A0D90F-8FC0-4A5B-A745-44E5DB4714D5}.Release|Any CPU.Build.0 = Release|Any CPU
		{66A0D90F-8FC0-4A5B-A745-44E5DB4714D5}.Release|x64.ActiveCfg = Release|Any CPU
		{66A0D90F-8FC0-4A5B-A745-44E5DB4714D5}.Release|x64.Build.0 = Release|Any CPU
		{66A0D90F-8FC0-4A5B-A745-44E5DB4714D5}.Release|x86.ActiveCfg = Release|Any CPU
		{66A0D90F-8FC0-4A5B-A745-44E5DB4714D5}.Release|x86.Build.0 = Release|Any CPU
		{C65229C2-B1DF-4F7C-9CA4-6F2522E625DC}.Debug|Any CPU.ActiveCfg = Debug|Any CPU
		{C65229C2-B1DF-4F7C-9CA4-6F2522E625DC}.Debug|Any CPU.Build.0 = Debug|Any CPU
		{C65229C2-B1DF-4F7C-9CA4-6F2522E625DC}.Debug|x64.ActiveCfg = Debug|Any CPU
		{C65229C2-B1DF-4F7C-9CA4-6F2522E625DC}.Debug|x64.Build.0 = Debug|Any CPU
		{C65229C2-B1DF-4F7C-9CA4-6F2522E625DC}.Debug|x86.ActiveCfg = Debug|Any CPU
		{C65229C2-B1DF-4F7C-9CA4-6F2522E625DC}.Debug|x86.Build.0 = Debug|Any CPU
		{C65229C2-B1DF-4F7C-9CA4-6F2522E625DC}.Release|Any CPU.ActiveCfg = Release|Any CPU
		{C65229C2-B1DF-4F7C-9CA4-6F2522E625DC}.Release|Any CPU.Build.0 = Release|Any CPU
		{C65229C2-B1DF-4F7C-9CA4-6F2522E625DC}.Release|x64.ActiveCfg = Release|Any CPU
		{C65229C2-B1DF-4F7C-9CA4-6F2522E625DC}.Release|x64.Build.0 = Release|Any CPU
		{C65229C2-B1DF-4F7C-9CA4-6F2522E625DC}.Release|x86.ActiveCfg = Release|Any CPU
		{C65229C2-B1DF-4F7C-9CA4-6F2522E625DC}.Release|x86.Build.0 = Release|Any CPU
		{3E4DBCC7-CDB5-44FB-94EA-92524CC60999}.Debug|Any CPU.ActiveCfg = Debug|Any CPU
		{3E4DBCC7-CDB5-44FB-94EA-92524CC60999}.Debug|Any CPU.Build.0 = Debug|Any CPU
		{3E4DBCC7-CDB5-44FB-94EA-92524CC60999}.Debug|x64.ActiveCfg = Debug|Any CPU
		{3E4DBCC7-CDB5-44FB-94EA-92524CC60999}.Debug|x64.Build.0 = Debug|Any CPU
		{3E4DBCC7-CDB5-44FB-94EA-92524CC60999}.Debug|x86.ActiveCfg = Debug|Any CPU
		{3E4DBCC7-CDB5-44FB-94EA-92524CC60999}.Debug|x86.Build.0 = Debug|Any CPU
		{3E4DBCC7-CDB5-44FB-94EA-92524CC60999}.Release|Any CPU.ActiveCfg = Release|Any CPU
		{3E4DBCC7-CDB5-44FB-94EA-92524CC60999}.Release|Any CPU.Build.0 = Release|Any CPU
		{3E4DBCC7-CDB5-44FB-94EA-92524CC60999}.Release|x64.ActiveCfg = Release|Any CPU
		{3E4DBCC7-CDB5-44FB-94EA-92524CC60999}.Release|x64.Build.0 = Release|Any CPU
		{3E4DBCC7-CDB5-44FB-94EA-92524CC60999}.Release|x86.ActiveCfg = Release|Any CPU
		{3E4DBCC7-CDB5-44FB-94EA-92524CC60999}.Release|x86.Build.0 = Release|Any CPU
	EndGlobalSection
	GlobalSection(SolutionProperties) = preSolution
		HideSolutionNode = FALSE
	EndGlobalSection
	GlobalSection(NestedProjects) = preSolution
		{7796FD2D-C02B-43F3-AC4B-71EC0B036C0A} = {0AB3BF05-4346-4AA6-1389-037BE0695223}
		{40FA7CAD-F2DE-4E02-8E83-A4B3C2AE72EE} = {0AB3BF05-4346-4AA6-1389-037BE0695223}
		{569D4536-D9D4-4553-B8FD-8D846DF1DA9D} = {0AB3BF05-4346-4AA6-1389-037BE0695223}
		{29B45285-C988-40C6-B48B-64519584604A} = {0AB3BF05-4346-4AA6-1389-037BE0695223}
		{AD1AD173-9854-4750-8B1F-9FAC776F4704} = {0AB3BF05-4346-4AA6-1389-037BE0695223}
		{3DDAFED6-0BD4-4A0E-95A6-2AE57AD6090A} = {0AB3BF05-4346-4AA6-1389-037BE0695223}
		{87EC0EDC-D103-406C-B0D1-13280895E9D6} = {0AB3BF05-4346-4AA6-1389-037BE0695223}
		{04DFCA6C-91E8-40DC-8733-35FCC7FA829C} = {0AB3BF05-4346-4AA6-1389-037BE0695223}
		{BC78A1C0-CA7C-4830-BAA0-D6BA9FFDBF28} = {0AB3BF05-4346-4AA6-1389-037BE0695223}
		{74649754-6229-4731-8757-CFB7A00FC21F} = {0AB3BF05-4346-4AA6-1389-037BE0695223}
		{4BBAF11B-27C8-46A4-B2F5-C7479FBB6060} = {0AB3BF05-4346-4AA6-1389-037BE0695223}
		{60A1070F-3442-4FB9-892C-D1DAAE2C1F61} = {0AB3BF05-4346-4AA6-1389-037BE0695223}
		{E997BB1C-2AF2-4022-BA33-D9577CDA6F8C} = {0AB3BF05-4346-4AA6-1389-037BE0695223}
		{235CCD0D-0ED5-4CFB-9AB7-644F76322E94} = {0AB3BF05-4346-4AA6-1389-037BE0695223}
		{8E729AFB-2B5A-44B2-8C6F-222CF501AB15} = {0AB3BF05-4346-4AA6-1389-037BE0695223}
		{40F86A6E-264A-4CF8-BC8C-3E4B695D6BEF} = {0AB3BF05-4346-4AA6-1389-037BE0695223}
		{66A0D90F-8FC0-4A5B-A745-44E5DB4714D5} = {0AB3BF05-4346-4AA6-1389-037BE0695223}
		{C65229C2-B1DF-4F7C-9CA4-6F2522E625DC} = {0AB3BF05-4346-4AA6-1389-037BE0695223}
		{3E4DBCC7-CDB5-44FB-94EA-92524CC60999} = {0AB3BF05-4346-4AA6-1389-037BE0695223}
	EndGlobalSection
EndGlobal
